// !$*UTF8*$!
{
	archiveVersion = 1;
	classes = {
	};
	objectVersion = 56;
	objects = {

/* Begin PBXBuildFile section */
		450E57A82C3DD10D00115C50 /* CatalogSearchView.swift in Sources */ = {isa = PBXBuildFile; fileRef = 450E57A72C3DD10D00115C50 /* CatalogSearchView.swift */; };
		450E57A92C3DD10D00115C50 /* CatalogSearchView.swift in Sources */ = {isa = PBXBuildFile; fileRef = 450E57A72C3DD10D00115C50 /* CatalogSearchView.swift */; };
		450E57AA2C3DD10D00115C50 /* CatalogSearchView.swift in Sources */ = {isa = PBXBuildFile; fileRef = 450E57A72C3DD10D00115C50 /* CatalogSearchView.swift */; };
		450E57AC2C3DD28100115C50 /* CatalogSearchViewModel.swift in Sources */ = {isa = PBXBuildFile; fileRef = 450E57AB2C3DD28100115C50 /* CatalogSearchViewModel.swift */; };
		450E57AD2C3DD28100115C50 /* CatalogSearchViewModel.swift in Sources */ = {isa = PBXBuildFile; fileRef = 450E57AB2C3DD28100115C50 /* CatalogSearchViewModel.swift */; };
		450E57AE2C3DD28100115C50 /* CatalogSearchViewModel.swift in Sources */ = {isa = PBXBuildFile; fileRef = 450E57AB2C3DD28100115C50 /* CatalogSearchViewModel.swift */; };
		450E57B12C3DD77400115C50 /* CatalogSearchTopNavigationView.swift in Sources */ = {isa = PBXBuildFile; fileRef = 450E57B02C3DD77400115C50 /* CatalogSearchTopNavigationView.swift */; };
		450E57B22C3DD77400115C50 /* CatalogSearchTopNavigationView.swift in Sources */ = {isa = PBXBuildFile; fileRef = 450E57B02C3DD77400115C50 /* CatalogSearchTopNavigationView.swift */; };
		450E57B32C3DD77400115C50 /* CatalogSearchTopNavigationView.swift in Sources */ = {isa = PBXBuildFile; fileRef = 450E57B02C3DD77400115C50 /* CatalogSearchTopNavigationView.swift */; };
		450E57B52C3DD96A00115C50 /* RecipeSearchService.swift in Sources */ = {isa = PBXBuildFile; fileRef = 450E57B42C3DD96A00115C50 /* RecipeSearchService.swift */; };
		450E57B62C3DD96A00115C50 /* RecipeSearchService.swift in Sources */ = {isa = PBXBuildFile; fileRef = 450E57B42C3DD96A00115C50 /* RecipeSearchService.swift */; };
		450E57B72C3DD96A00115C50 /* RecipeSearchService.swift in Sources */ = {isa = PBXBuildFile; fileRef = 450E57B42C3DD96A00115C50 /* RecipeSearchService.swift */; };
		450E57B92C3DDCD800115C50 /* CatalogSearchBar.swift in Sources */ = {isa = PBXBuildFile; fileRef = 450E57B82C3DDCD800115C50 /* CatalogSearchBar.swift */; };
		450E57BA2C3DDCD800115C50 /* CatalogSearchBar.swift in Sources */ = {isa = PBXBuildFile; fileRef = 450E57B82C3DDCD800115C50 /* CatalogSearchBar.swift */; };
		450E57BB2C3DDCD800115C50 /* CatalogSearchBar.swift in Sources */ = {isa = PBXBuildFile; fileRef = 450E57B82C3DDCD800115C50 /* CatalogSearchBar.swift */; };
		450E57BD2C3DDD7B00115C50 /* Inter-Bold.otf in Resources */ = {isa = PBXBuildFile; fileRef = 450E57BC2C3DDD7B00115C50 /* Inter-Bold.otf */; };
		450E57BE2C3DDD7B00115C50 /* Inter-Bold.otf in Resources */ = {isa = PBXBuildFile; fileRef = 450E57BC2C3DDD7B00115C50 /* Inter-Bold.otf */; };
		450E57BF2C3DDD7B00115C50 /* Inter-Bold.otf in Resources */ = {isa = PBXBuildFile; fileRef = 450E57BC2C3DDD7B00115C50 /* Inter-Bold.otf */; };
		451532522C3D7A63003D7F08 /* Inter-SemiBold.otf in Resources */ = {isa = PBXBuildFile; fileRef = 451532512C3D7A62003D7F08 /* Inter-SemiBold.otf */; };
		451532542C3D7C6F003D7F08 /* CatalogTopNavigationView.swift in Sources */ = {isa = PBXBuildFile; fileRef = 451532532C3D7C6F003D7F08 /* CatalogTopNavigationView.swift */; };
		451532552C3D7D04003D7F08 /* CatalogTopNavigationView.swift in Sources */ = {isa = PBXBuildFile; fileRef = 451532532C3D7C6F003D7F08 /* CatalogTopNavigationView.swift */; };
		451532562C3D7D04003D7F08 /* CatalogTopNavigationView.swift in Sources */ = {isa = PBXBuildFile; fileRef = 451532532C3D7C6F003D7F08 /* CatalogTopNavigationView.swift */; };
		4531676A2C3A0D210053D22E /* AppSetup.swift in Sources */ = {isa = PBXBuildFile; fileRef = 453167692C3A0D210053D22E /* AppSetup.swift */; };
		4531676E2C3A0D210053D22E /* Assets.xcassets in Resources */ = {isa = PBXBuildFile; fileRef = 4531676D2C3A0D210053D22E /* Assets.xcassets */; };
		453167712C3A0D210053D22E /* Preview Assets.xcassets in Resources */ = {isa = PBXBuildFile; fileRef = 453167702C3A0D210053D22E /* Preview Assets.xcassets */; };
		4531677B2C3A0D220053D22E /* Coffee_CascadeTests.swift in Sources */ = {isa = PBXBuildFile; fileRef = 4531677A2C3A0D220053D22E /* Coffee_CascadeTests.swift */; };
		453167852C3A0D220053D22E /* Coffee_CascadeUITests.swift in Sources */ = {isa = PBXBuildFile; fileRef = 453167842C3A0D220053D22E /* Coffee_CascadeUITests.swift */; };
		453167872C3A0D220053D22E /* Coffee_CascadeUITestsLaunchTests.swift in Sources */ = {isa = PBXBuildFile; fileRef = 453167862C3A0D220053D22E /* Coffee_CascadeUITestsLaunchTests.swift */; };
		454674AF2C3A0F21009DA332 /* CatalogView.swift in Sources */ = {isa = PBXBuildFile; fileRef = 454674AE2C3A0F21009DA332 /* CatalogView.swift */; };
		454674B72C3A1477009DA332 /* CatalogViewModel.swift in Sources */ = {isa = PBXBuildFile; fileRef = 454674B62C3A1477009DA332 /* CatalogViewModel.swift */; };
		4557C0742C4081FC00D94380 /* CoffeeSearchView.swift in Sources */ = {isa = PBXBuildFile; fileRef = 4557C0732C4081FC00D94380 /* CoffeeSearchView.swift */; };
		4557C0752C4081FC00D94380 /* CoffeeSearchView.swift in Sources */ = {isa = PBXBuildFile; fileRef = 4557C0732C4081FC00D94380 /* CoffeeSearchView.swift */; };
		4557C0762C4081FC00D94380 /* CoffeeSearchView.swift in Sources */ = {isa = PBXBuildFile; fileRef = 4557C0732C4081FC00D94380 /* CoffeeSearchView.swift */; };
		455D3FF92C3AA47F00C03278 /* DataRepository.swift in Sources */ = {isa = PBXBuildFile; fileRef = 455D3FF82C3AA47F00C03278 /* DataRepository.swift */; };
		455D3FFB2C3AA4C600C03278 /* HTTPMethod.swift in Sources */ = {isa = PBXBuildFile; fileRef = 455D3FFA2C3AA4C600C03278 /* HTTPMethod.swift */; };
		455D3FFD2C3AA52D00C03278 /* RecipeService.swift in Sources */ = {isa = PBXBuildFile; fileRef = 455D3FFC2C3AA52D00C03278 /* RecipeService.swift */; };
		455D3FFF2C3AA55000C03278 /* Router.swift in Sources */ = {isa = PBXBuildFile; fileRef = 455D3FFE2C3AA55000C03278 /* Router.swift */; };
		455D40022C3AA7E900C03278 /* Recipe.swift in Sources */ = {isa = PBXBuildFile; fileRef = 455D40012C3AA7E900C03278 /* Recipe.swift */; };
		455D40042C3AA7F500C03278 /* Instruction.swift in Sources */ = {isa = PBXBuildFile; fileRef = 455D40032C3AA7F500C03278 /* Instruction.swift */; };
		455D40072C3AAF5E00C03278 /* Kingfisher in Frameworks */ = {isa = PBXBuildFile; productRef = 455D40062C3AAF5E00C03278 /* Kingfisher */; };
		455D40092C3AC07A00C03278 /* CoffeeView.swift in Sources */ = {isa = PBXBuildFile; fileRef = 455D40082C3AC07A00C03278 /* CoffeeView.swift */; };
		455D400B2C3AC30700C03278 /* AppConstants.swift in Sources */ = {isa = PBXBuildFile; fileRef = 455D400A2C3AC30700C03278 /* AppConstants.swift */; };
		455D400D2C3AC39D00C03278 /* Environment.plist in Resources */ = {isa = PBXBuildFile; fileRef = 455D400C2C3AC39D00C03278 /* Environment.plist */; };
		455D400E2C3AC39D00C03278 /* Environment.plist in Resources */ = {isa = PBXBuildFile; fileRef = 455D400C2C3AC39D00C03278 /* Environment.plist */; };
		455D400F2C3AC39D00C03278 /* Environment.plist in Resources */ = {isa = PBXBuildFile; fileRef = 455D400C2C3AC39D00C03278 /* Environment.plist */; };
		455D40122C3AC98D00C03278 /* RecipeScrollView.swift in Sources */ = {isa = PBXBuildFile; fileRef = 455D40112C3AC98D00C03278 /* RecipeScrollView.swift */; };
		455D40132C3AC98D00C03278 /* RecipeScrollView.swift in Sources */ = {isa = PBXBuildFile; fileRef = 455D40112C3AC98D00C03278 /* RecipeScrollView.swift */; };
		455D40142C3AC98D00C03278 /* RecipeScrollView.swift in Sources */ = {isa = PBXBuildFile; fileRef = 455D40112C3AC98D00C03278 /* RecipeScrollView.swift */; };
		455D40162C3ADBD600C03278 /* CategoriesScrollView.swift in Sources */ = {isa = PBXBuildFile; fileRef = 455D40152C3ADBD600C03278 /* CategoriesScrollView.swift */; };
		455D40172C3ADF3A00C03278 /* Recipe.swift in Sources */ = {isa = PBXBuildFile; fileRef = 455D40012C3AA7E900C03278 /* Recipe.swift */; };
		455D40182C3ADF3B00C03278 /* Recipe.swift in Sources */ = {isa = PBXBuildFile; fileRef = 455D40012C3AA7E900C03278 /* Recipe.swift */; };
		455D40192C3ADF4B00C03278 /* CoffeeView.swift in Sources */ = {isa = PBXBuildFile; fileRef = 455D40082C3AC07A00C03278 /* CoffeeView.swift */; };
		455D401A2C3ADF4C00C03278 /* CoffeeView.swift in Sources */ = {isa = PBXBuildFile; fileRef = 455D40082C3AC07A00C03278 /* CoffeeView.swift */; };
		455D401B2C3ADF5100C03278 /* Instruction.swift in Sources */ = {isa = PBXBuildFile; fileRef = 455D40032C3AA7F500C03278 /* Instruction.swift */; };
		455D401C2C3ADF5100C03278 /* Instruction.swift in Sources */ = {isa = PBXBuildFile; fileRef = 455D40032C3AA7F500C03278 /* Instruction.swift */; };
		455D401F2C3AE16C00C03278 /* MockCatalogViewModel.swift in Sources */ = {isa = PBXBuildFile; fileRef = 455D401E2C3AE16C00C03278 /* MockCatalogViewModel.swift */; };
		455D40212C3AE1CC00C03278 /* Kingfisher in Frameworks */ = {isa = PBXBuildFile; productRef = 455D40202C3AE1CC00C03278 /* Kingfisher */; };
		455D40232C3AE1D900C03278 /* Kingfisher in Frameworks */ = {isa = PBXBuildFile; productRef = 455D40222C3AE1D900C03278 /* Kingfisher */; };
		455D40282C3AF1EB00C03278 /* CustomColor.swift in Sources */ = {isa = PBXBuildFile; fileRef = 455D40272C3AF1EB00C03278 /* CustomColor.swift */; };
		455D402A2C3AF22C00C03278 /* Color+Extension.swift in Sources */ = {isa = PBXBuildFile; fileRef = 455D40292C3AF22C00C03278 /* Color+Extension.swift */; };
		455D402C2C3AFBDD00C03278 /* BlurView.swift in Sources */ = {isa = PBXBuildFile; fileRef = 455D402B2C3AFBDD00C03278 /* BlurView.swift */; };
		455D402D2C3AFC1C00C03278 /* BlurView.swift in Sources */ = {isa = PBXBuildFile; fileRef = 455D402B2C3AFBDD00C03278 /* BlurView.swift */; };
		455D402E2C3AFC1D00C03278 /* BlurView.swift in Sources */ = {isa = PBXBuildFile; fileRef = 455D402B2C3AFBDD00C03278 /* BlurView.swift */; };
		455D40302C3AFDA000C03278 /* CatalogBottomNavigator.swift in Sources */ = {isa = PBXBuildFile; fileRef = 455D402F2C3AFDA000C03278 /* CatalogBottomNavigator.swift */; };
		455D40332C3B58AD00C03278 /* ProductDetailView.swift in Sources */ = {isa = PBXBuildFile; fileRef = 455D40322C3B58AD00C03278 /* ProductDetailView.swift */; };
		455D40352C3B5A0000C03278 /* ProductKFImage.swift in Sources */ = {isa = PBXBuildFile; fileRef = 455D40342C3B5A0000C03278 /* ProductKFImage.swift */; };
		456FE7032C3C7883002BDE03 /* GestureHandlingView.swift in Sources */ = {isa = PBXBuildFile; fileRef = 456FE7022C3C7883002BDE03 /* GestureHandlingView.swift */; };
		456FE7052C3C8B49002BDE03 /* CloseButtonImage.swift in Sources */ = {isa = PBXBuildFile; fileRef = 456FE7042C3C8B49002BDE03 /* CloseButtonImage.swift */; };
		456FE7072C3C8B56002BDE03 /* DragState.swift in Sources */ = {isa = PBXBuildFile; fileRef = 456FE7062C3C8B56002BDE03 /* DragState.swift */; };
		456FE7092C3C8CB9002BDE03 /* DetailScrollContent.swift in Sources */ = {isa = PBXBuildFile; fileRef = 456FE7082C3C8CB9002BDE03 /* DetailScrollContent.swift */; };
		456FE70A2C3C9237002BDE03 /* GestureHandlingView.swift in Sources */ = {isa = PBXBuildFile; fileRef = 456FE7022C3C7883002BDE03 /* GestureHandlingView.swift */; };
		456FE70B2C3C9238002BDE03 /* GestureHandlingView.swift in Sources */ = {isa = PBXBuildFile; fileRef = 456FE7022C3C7883002BDE03 /* GestureHandlingView.swift */; };
		456FE70C2C3C923B002BDE03 /* ProductKFImage.swift in Sources */ = {isa = PBXBuildFile; fileRef = 455D40342C3B5A0000C03278 /* ProductKFImage.swift */; };
		456FE70D2C3C923C002BDE03 /* ProductKFImage.swift in Sources */ = {isa = PBXBuildFile; fileRef = 455D40342C3B5A0000C03278 /* ProductKFImage.swift */; };
		456FE70F2C3C934A002BDE03 /* DetailRecipeIngredientView.swift in Sources */ = {isa = PBXBuildFile; fileRef = 456FE70E2C3C934A002BDE03 /* DetailRecipeIngredientView.swift */; };
		456FE7102C3C9356002BDE03 /* DetailRecipeIngredientView.swift in Sources */ = {isa = PBXBuildFile; fileRef = 456FE70E2C3C934A002BDE03 /* DetailRecipeIngredientView.swift */; };
		456FE7112C3C9356002BDE03 /* DetailRecipeIngredientView.swift in Sources */ = {isa = PBXBuildFile; fileRef = 456FE70E2C3C934A002BDE03 /* DetailRecipeIngredientView.swift */; };
		456FE7122C3C9386002BDE03 /* ProductDetailView.swift in Sources */ = {isa = PBXBuildFile; fileRef = 455D40322C3B58AD00C03278 /* ProductDetailView.swift */; };
		456FE7132C3C9386002BDE03 /* ProductDetailView.swift in Sources */ = {isa = PBXBuildFile; fileRef = 455D40322C3B58AD00C03278 /* ProductDetailView.swift */; };
		456FE7152C3C946E002BDE03 /* DetailsRecipeInstructionsView.swift in Sources */ = {isa = PBXBuildFile; fileRef = 456FE7142C3C946E002BDE03 /* DetailsRecipeInstructionsView.swift */; };
		456FE7162C3C946E002BDE03 /* DetailsRecipeInstructionsView.swift in Sources */ = {isa = PBXBuildFile; fileRef = 456FE7142C3C946E002BDE03 /* DetailsRecipeInstructionsView.swift */; };
		456FE7172C3C946E002BDE03 /* DetailsRecipeInstructionsView.swift in Sources */ = {isa = PBXBuildFile; fileRef = 456FE7142C3C946E002BDE03 /* DetailsRecipeInstructionsView.swift */; };
		456FE7182C3C9520002BDE03 /* DetailScrollContent.swift in Sources */ = {isa = PBXBuildFile; fileRef = 456FE7082C3C8CB9002BDE03 /* DetailScrollContent.swift */; };
		456FE7192C3C9521002BDE03 /* DetailScrollContent.swift in Sources */ = {isa = PBXBuildFile; fileRef = 456FE7082C3C8CB9002BDE03 /* DetailScrollContent.swift */; };
		456FE71B2C3C9581002BDE03 /* DetailScrollOverlayContent.swift in Sources */ = {isa = PBXBuildFile; fileRef = 456FE71A2C3C9581002BDE03 /* DetailScrollOverlayContent.swift */; };
		456FE71C2C3C9581002BDE03 /* DetailScrollOverlayContent.swift in Sources */ = {isa = PBXBuildFile; fileRef = 456FE71A2C3C9581002BDE03 /* DetailScrollOverlayContent.swift */; };
		456FE71D2C3C9581002BDE03 /* DetailScrollOverlayContent.swift in Sources */ = {isa = PBXBuildFile; fileRef = 456FE71A2C3C9581002BDE03 /* DetailScrollOverlayContent.swift */; };
		456FE71E2C3C959F002BDE03 /* CloseButtonImage.swift in Sources */ = {isa = PBXBuildFile; fileRef = 456FE7042C3C8B49002BDE03 /* CloseButtonImage.swift */; };
		456FE71F2C3C959F002BDE03 /* CloseButtonImage.swift in Sources */ = {isa = PBXBuildFile; fileRef = 456FE7042C3C8B49002BDE03 /* CloseButtonImage.swift */; };
		456FE7202C3C95A5002BDE03 /* MockCatalogViewModel.swift in Sources */ = {isa = PBXBuildFile; fileRef = 455D401E2C3AE16C00C03278 /* MockCatalogViewModel.swift */; };
		456FE7212C3C95A5002BDE03 /* MockCatalogViewModel.swift in Sources */ = {isa = PBXBuildFile; fileRef = 455D401E2C3AE16C00C03278 /* MockCatalogViewModel.swift */; };
		456FE7222C3C95AD002BDE03 /* CatalogViewModel.swift in Sources */ = {isa = PBXBuildFile; fileRef = 454674B62C3A1477009DA332 /* CatalogViewModel.swift */; };
		456FE7232C3C95AD002BDE03 /* CatalogViewModel.swift in Sources */ = {isa = PBXBuildFile; fileRef = 454674B62C3A1477009DA332 /* CatalogViewModel.swift */; };
		456FE7252C3C95E2002BDE03 /* RecipeService.swift in Sources */ = {isa = PBXBuildFile; fileRef = 455D3FFC2C3AA52D00C03278 /* RecipeService.swift */; };
		456FE7262C3C95E2002BDE03 /* RecipeService.swift in Sources */ = {isa = PBXBuildFile; fileRef = 455D3FFC2C3AA52D00C03278 /* RecipeService.swift */; };
		456FE7272C3C95F8002BDE03 /* DragState.swift in Sources */ = {isa = PBXBuildFile; fileRef = 456FE7062C3C8B56002BDE03 /* DragState.swift */; };
		456FE7282C3C95F9002BDE03 /* DragState.swift in Sources */ = {isa = PBXBuildFile; fileRef = 456FE7062C3C8B56002BDE03 /* DragState.swift */; };
		456FE7292C3C9609002BDE03 /* DataRepository.swift in Sources */ = {isa = PBXBuildFile; fileRef = 455D3FF82C3AA47F00C03278 /* DataRepository.swift */; };
		456FE72A2C3C9609002BDE03 /* DataRepository.swift in Sources */ = {isa = PBXBuildFile; fileRef = 455D3FF82C3AA47F00C03278 /* DataRepository.swift */; };
		456FE72B2C3C9617002BDE03 /* HTTPMethod.swift in Sources */ = {isa = PBXBuildFile; fileRef = 455D3FFA2C3AA4C600C03278 /* HTTPMethod.swift */; };
		456FE72C2C3C9617002BDE03 /* HTTPMethod.swift in Sources */ = {isa = PBXBuildFile; fileRef = 455D3FFA2C3AA4C600C03278 /* HTTPMethod.swift */; };
		456FE72D2C3C961C002BDE03 /* Color+Extension.swift in Sources */ = {isa = PBXBuildFile; fileRef = 455D40292C3AF22C00C03278 /* Color+Extension.swift */; };
		456FE72E2C3C961D002BDE03 /* Color+Extension.swift in Sources */ = {isa = PBXBuildFile; fileRef = 455D40292C3AF22C00C03278 /* Color+Extension.swift */; };
		456FE72F2C3C9622002BDE03 /* CustomColor.swift in Sources */ = {isa = PBXBuildFile; fileRef = 455D40272C3AF1EB00C03278 /* CustomColor.swift */; };
		456FE7302C3C9622002BDE03 /* CustomColor.swift in Sources */ = {isa = PBXBuildFile; fileRef = 455D40272C3AF1EB00C03278 /* CustomColor.swift */; };
		456FE7312C3C9628002BDE03 /* Router.swift in Sources */ = {isa = PBXBuildFile; fileRef = 455D3FFE2C3AA55000C03278 /* Router.swift */; };
		456FE7322C3C9628002BDE03 /* Router.swift in Sources */ = {isa = PBXBuildFile; fileRef = 455D3FFE2C3AA55000C03278 /* Router.swift */; };
		456FE7332C3C962B002BDE03 /* AppConstants.swift in Sources */ = {isa = PBXBuildFile; fileRef = 455D400A2C3AC30700C03278 /* AppConstants.swift */; };
		456FE7342C3C962B002BDE03 /* AppConstants.swift in Sources */ = {isa = PBXBuildFile; fileRef = 455D400A2C3AC30700C03278 /* AppConstants.swift */; };
		456FE7352C3C963E002BDE03 /* CategoriesScrollView.swift in Sources */ = {isa = PBXBuildFile; fileRef = 455D40152C3ADBD600C03278 /* CategoriesScrollView.swift */; };
		456FE7362C3C963F002BDE03 /* CategoriesScrollView.swift in Sources */ = {isa = PBXBuildFile; fileRef = 455D40152C3ADBD600C03278 /* CategoriesScrollView.swift */; };
		456FE7372C3C9641002BDE03 /* CatalogView.swift in Sources */ = {isa = PBXBuildFile; fileRef = 454674AE2C3A0F21009DA332 /* CatalogView.swift */; };
		456FE7382C3C9641002BDE03 /* CatalogView.swift in Sources */ = {isa = PBXBuildFile; fileRef = 454674AE2C3A0F21009DA332 /* CatalogView.swift */; };
		456FE7392C3C9645002BDE03 /* CatalogBottomNavigator.swift in Sources */ = {isa = PBXBuildFile; fileRef = 455D402F2C3AFDA000C03278 /* CatalogBottomNavigator.swift */; };
		456FE73A2C3C9645002BDE03 /* CatalogBottomNavigator.swift in Sources */ = {isa = PBXBuildFile; fileRef = 455D402F2C3AFDA000C03278 /* CatalogBottomNavigator.swift */; };
		456FE73B2C3C9648002BDE03 /* AppSetup.swift in Sources */ = {isa = PBXBuildFile; fileRef = 453167692C3A0D210053D22E /* AppSetup.swift */; };
		456FE73C2C3C9648002BDE03 /* AppSetup.swift in Sources */ = {isa = PBXBuildFile; fileRef = 453167692C3A0D210053D22E /* AppSetup.swift */; };
		456FE73D2C3C964C002BDE03 /* Preview Assets.xcassets in Resources */ = {isa = PBXBuildFile; fileRef = 453167702C3A0D210053D22E /* Preview Assets.xcassets */; };
		456FE73E2C3C964C002BDE03 /* Preview Assets.xcassets in Resources */ = {isa = PBXBuildFile; fileRef = 453167702C3A0D210053D22E /* Preview Assets.xcassets */; };
		456FE73F2C3C964E002BDE03 /* Assets.xcassets in Resources */ = {isa = PBXBuildFile; fileRef = 4531676D2C3A0D210053D22E /* Assets.xcassets */; };
		456FE7402C3C964E002BDE03 /* Assets.xcassets in Resources */ = {isa = PBXBuildFile; fileRef = 4531676D2C3A0D210053D22E /* Assets.xcassets */; };
		45FB71442C3D71F00029ADE6 /* Inter-Light.otf in Resources */ = {isa = PBXBuildFile; fileRef = 45FB71432C3D71F00029ADE6 /* Inter-Light.otf */; };
		45FB71452C3D71F00029ADE6 /* Inter-Light.otf in Resources */ = {isa = PBXBuildFile; fileRef = 45FB71432C3D71F00029ADE6 /* Inter-Light.otf */; };
		45FB71462C3D71F00029ADE6 /* Inter-Light.otf in Resources */ = {isa = PBXBuildFile; fileRef = 45FB71432C3D71F00029ADE6 /* Inter-Light.otf */; };
		45FB71482C3D72120029ADE6 /* CustomFont.swift in Sources */ = {isa = PBXBuildFile; fileRef = 45FB71472C3D72120029ADE6 /* CustomFont.swift */; };
		45FB71492C3D72120029ADE6 /* CustomFont.swift in Sources */ = {isa = PBXBuildFile; fileRef = 45FB71472C3D72120029ADE6 /* CustomFont.swift */; };
		45FB714A2C3D72120029ADE6 /* CustomFont.swift in Sources */ = {isa = PBXBuildFile; fileRef = 45FB71472C3D72120029ADE6 /* CustomFont.swift */; };
/* End PBXBuildFile section */

/* Begin PBXContainerItemProxy section */
		453167772C3A0D220053D22E /* PBXContainerItemProxy */ = {
			isa = PBXContainerItemProxy;
			containerPortal = 4531675E2C3A0D210053D22E /* Project object */;
			proxyType = 1;
			remoteGlobalIDString = 453167652C3A0D210053D22E;
			remoteInfo = "Coffee Cascade";
		};
		453167812C3A0D220053D22E /* PBXContainerItemProxy */ = {
			isa = PBXContainerItemProxy;
			containerPortal = 4531675E2C3A0D210053D22E /* Project object */;
			proxyType = 1;
			remoteGlobalIDString = 453167652C3A0D210053D22E;
			remoteInfo = "Coffee Cascade";
		};
/* End PBXContainerItemProxy section */

/* Begin PBXFileReference section */
		450E57A72C3DD10D00115C50 /* CatalogSearchView.swift */ = {isa = PBXFileReference; lastKnownFileType = sourcecode.swift; path = CatalogSearchView.swift; sourceTree = "<group>"; };
		450E57AB2C3DD28100115C50 /* CatalogSearchViewModel.swift */ = {isa = PBXFileReference; lastKnownFileType = sourcecode.swift; path = CatalogSearchViewModel.swift; sourceTree = "<group>"; };
		450E57B02C3DD77400115C50 /* CatalogSearchTopNavigationView.swift */ = {isa = PBXFileReference; lastKnownFileType = sourcecode.swift; path = CatalogSearchTopNavigationView.swift; sourceTree = "<group>"; };
		450E57B42C3DD96A00115C50 /* RecipeSearchService.swift */ = {isa = PBXFileReference; lastKnownFileType = sourcecode.swift; path = RecipeSearchService.swift; sourceTree = "<group>"; };
		450E57B82C3DDCD800115C50 /* CatalogSearchBar.swift */ = {isa = PBXFileReference; lastKnownFileType = sourcecode.swift; path = CatalogSearchBar.swift; sourceTree = "<group>"; };
		450E57BC2C3DDD7B00115C50 /* Inter-Bold.otf */ = {isa = PBXFileReference; lastKnownFileType = file; name = "Inter-Bold.otf"; path = "../../../../../../../Downloads/Inter (1)/Inter-Bold.otf"; sourceTree = "<group>"; };
		451532512C3D7A62003D7F08 /* Inter-SemiBold.otf */ = {isa = PBXFileReference; lastKnownFileType = file; name = "Inter-SemiBold.otf"; path = "../../../../../../../Downloads/Inter (1)/Inter-SemiBold.otf"; sourceTree = "<group>"; };
		451532532C3D7C6F003D7F08 /* CatalogTopNavigationView.swift */ = {isa = PBXFileReference; lastKnownFileType = sourcecode.swift; path = CatalogTopNavigationView.swift; sourceTree = "<group>"; };
		4530F2F32C3D76E3007993EF /* Info.plist */ = {isa = PBXFileReference; lastKnownFileType = text.plist.xml; path = Info.plist; sourceTree = "<group>"; };
		4530F2F52C3D76F8007993EF /* Info.plist */ = {isa = PBXFileReference; lastKnownFileType = text.plist.xml; path = Info.plist; sourceTree = "<group>"; };
		453167662C3A0D210053D22E /* Coffee Cascade.app */ = {isa = PBXFileReference; explicitFileType = wrapper.application; includeInIndex = 0; path = "Coffee Cascade.app"; sourceTree = BUILT_PRODUCTS_DIR; };
		453167692C3A0D210053D22E /* AppSetup.swift */ = {isa = PBXFileReference; lastKnownFileType = sourcecode.swift; path = AppSetup.swift; sourceTree = "<group>"; };
		4531676D2C3A0D210053D22E /* Assets.xcassets */ = {isa = PBXFileReference; lastKnownFileType = folder.assetcatalog; path = Assets.xcassets; sourceTree = "<group>"; };
		453167702C3A0D210053D22E /* Preview Assets.xcassets */ = {isa = PBXFileReference; lastKnownFileType = folder.assetcatalog; path = "Preview Assets.xcassets"; sourceTree = "<group>"; };
		453167762C3A0D220053D22E /* Coffee CascadeTests.xctest */ = {isa = PBXFileReference; explicitFileType = wrapper.cfbundle; includeInIndex = 0; path = "Coffee CascadeTests.xctest"; sourceTree = BUILT_PRODUCTS_DIR; };
		4531677A2C3A0D220053D22E /* Coffee_CascadeTests.swift */ = {isa = PBXFileReference; lastKnownFileType = sourcecode.swift; path = Coffee_CascadeTests.swift; sourceTree = "<group>"; };
		453167802C3A0D220053D22E /* Coffee CascadeUITests.xctest */ = {isa = PBXFileReference; explicitFileType = wrapper.cfbundle; includeInIndex = 0; path = "Coffee CascadeUITests.xctest"; sourceTree = BUILT_PRODUCTS_DIR; };
		453167842C3A0D220053D22E /* Coffee_CascadeUITests.swift */ = {isa = PBXFileReference; lastKnownFileType = sourcecode.swift; path = Coffee_CascadeUITests.swift; sourceTree = "<group>"; };
		453167862C3A0D220053D22E /* Coffee_CascadeUITestsLaunchTests.swift */ = {isa = PBXFileReference; lastKnownFileType = sourcecode.swift; path = Coffee_CascadeUITestsLaunchTests.swift; sourceTree = "<group>"; };
		454674AE2C3A0F21009DA332 /* CatalogView.swift */ = {isa = PBXFileReference; lastKnownFileType = sourcecode.swift; path = CatalogView.swift; sourceTree = "<group>"; };
		454674B62C3A1477009DA332 /* CatalogViewModel.swift */ = {isa = PBXFileReference; lastKnownFileType = sourcecode.swift; path = CatalogViewModel.swift; sourceTree = "<group>"; };
		4557C0732C4081FC00D94380 /* CoffeeSearchView.swift */ = {isa = PBXFileReference; lastKnownFileType = sourcecode.swift; path = CoffeeSearchView.swift; sourceTree = "<group>"; };
		455D3FF82C3AA47F00C03278 /* DataRepository.swift */ = {isa = PBXFileReference; lastKnownFileType = sourcecode.swift; path = DataRepository.swift; sourceTree = "<group>"; };
		455D3FFA2C3AA4C600C03278 /* HTTPMethod.swift */ = {isa = PBXFileReference; lastKnownFileType = sourcecode.swift; path = HTTPMethod.swift; sourceTree = "<group>"; };
		455D3FFC2C3AA52D00C03278 /* RecipeService.swift */ = {isa = PBXFileReference; lastKnownFileType = sourcecode.swift; path = RecipeService.swift; sourceTree = "<group>"; };
		455D3FFE2C3AA55000C03278 /* Router.swift */ = {isa = PBXFileReference; lastKnownFileType = sourcecode.swift; path = Router.swift; sourceTree = "<group>"; };
		455D40012C3AA7E900C03278 /* Recipe.swift */ = {isa = PBXFileReference; lastKnownFileType = sourcecode.swift; path = Recipe.swift; sourceTree = "<group>"; };
		455D40032C3AA7F500C03278 /* Instruction.swift */ = {isa = PBXFileReference; lastKnownFileType = sourcecode.swift; path = Instruction.swift; sourceTree = "<group>"; };
		455D40082C3AC07A00C03278 /* CoffeeView.swift */ = {isa = PBXFileReference; lastKnownFileType = sourcecode.swift; path = CoffeeView.swift; sourceTree = "<group>"; };
		455D400A2C3AC30700C03278 /* AppConstants.swift */ = {isa = PBXFileReference; lastKnownFileType = sourcecode.swift; path = AppConstants.swift; sourceTree = "<group>"; };
		455D400C2C3AC39D00C03278 /* Environment.plist */ = {isa = PBXFileReference; lastKnownFileType = text.plist.xml; path = Environment.plist; sourceTree = "<group>"; };
		455D40112C3AC98D00C03278 /* RecipeScrollView.swift */ = {isa = PBXFileReference; lastKnownFileType = sourcecode.swift; path = RecipeScrollView.swift; sourceTree = "<group>"; };
		455D40152C3ADBD600C03278 /* CategoriesScrollView.swift */ = {isa = PBXFileReference; lastKnownFileType = sourcecode.swift; path = CategoriesScrollView.swift; sourceTree = "<group>"; };
		455D401E2C3AE16C00C03278 /* MockCatalogViewModel.swift */ = {isa = PBXFileReference; lastKnownFileType = sourcecode.swift; path = MockCatalogViewModel.swift; sourceTree = "<group>"; };
		455D40272C3AF1EB00C03278 /* CustomColor.swift */ = {isa = PBXFileReference; lastKnownFileType = sourcecode.swift; path = CustomColor.swift; sourceTree = "<group>"; };
		455D40292C3AF22C00C03278 /* Color+Extension.swift */ = {isa = PBXFileReference; lastKnownFileType = sourcecode.swift; path = "Color+Extension.swift"; sourceTree = "<group>"; };
		455D402B2C3AFBDD00C03278 /* BlurView.swift */ = {isa = PBXFileReference; lastKnownFileType = sourcecode.swift; path = BlurView.swift; sourceTree = "<group>"; };
		455D402F2C3AFDA000C03278 /* CatalogBottomNavigator.swift */ = {isa = PBXFileReference; lastKnownFileType = sourcecode.swift; path = CatalogBottomNavigator.swift; sourceTree = "<group>"; };
		455D40322C3B58AD00C03278 /* ProductDetailView.swift */ = {isa = PBXFileReference; lastKnownFileType = sourcecode.swift; path = ProductDetailView.swift; sourceTree = "<group>"; };
		455D40342C3B5A0000C03278 /* ProductKFImage.swift */ = {isa = PBXFileReference; lastKnownFileType = sourcecode.swift; path = ProductKFImage.swift; sourceTree = "<group>"; };
		456FE7022C3C7883002BDE03 /* GestureHandlingView.swift */ = {isa = PBXFileReference; lastKnownFileType = sourcecode.swift; path = GestureHandlingView.swift; sourceTree = "<group>"; };
		456FE7042C3C8B49002BDE03 /* CloseButtonImage.swift */ = {isa = PBXFileReference; lastKnownFileType = sourcecode.swift; path = CloseButtonImage.swift; sourceTree = "<group>"; };
		456FE7062C3C8B56002BDE03 /* DragState.swift */ = {isa = PBXFileReference; lastKnownFileType = sourcecode.swift; path = DragState.swift; sourceTree = "<group>"; };
		456FE7082C3C8CB9002BDE03 /* DetailScrollContent.swift */ = {isa = PBXFileReference; lastKnownFileType = sourcecode.swift; path = DetailScrollContent.swift; sourceTree = "<group>"; };
		456FE70E2C3C934A002BDE03 /* DetailRecipeIngredientView.swift */ = {isa = PBXFileReference; lastKnownFileType = sourcecode.swift; path = DetailRecipeIngredientView.swift; sourceTree = "<group>"; };
		456FE7142C3C946E002BDE03 /* DetailsRecipeInstructionsView.swift */ = {isa = PBXFileReference; lastKnownFileType = sourcecode.swift; path = DetailsRecipeInstructionsView.swift; sourceTree = "<group>"; };
		456FE71A2C3C9581002BDE03 /* DetailScrollOverlayContent.swift */ = {isa = PBXFileReference; lastKnownFileType = sourcecode.swift; path = DetailScrollOverlayContent.swift; sourceTree = "<group>"; };
		45FB71432C3D71F00029ADE6 /* Inter-Light.otf */ = {isa = PBXFileReference; lastKnownFileType = file; name = "Inter-Light.otf"; path = "../../../../../../../Downloads/Inter (1)/Inter-Light.otf"; sourceTree = "<group>"; };
		45FB71472C3D72120029ADE6 /* CustomFont.swift */ = {isa = PBXFileReference; lastKnownFileType = sourcecode.swift; path = CustomFont.swift; sourceTree = "<group>"; };
		45FB714B2C3D72550029ADE6 /* Info.plist */ = {isa = PBXFileReference; lastKnownFileType = text.plist.xml; path = Info.plist; sourceTree = "<group>"; };
/* End PBXFileReference section */

/* Begin PBXFrameworksBuildPhase section */
		453167632C3A0D210053D22E /* Frameworks */ = {
			isa = PBXFrameworksBuildPhase;
			buildActionMask = 2147483647;
			files = (
				455D40072C3AAF5E00C03278 /* Kingfisher in Frameworks */,
			);
			runOnlyForDeploymentPostprocessing = 0;
		};
		453167732C3A0D220053D22E /* Frameworks */ = {
			isa = PBXFrameworksBuildPhase;
			buildActionMask = 2147483647;
			files = (
				455D40212C3AE1CC00C03278 /* Kingfisher in Frameworks */,
			);
			runOnlyForDeploymentPostprocessing = 0;
		};
		4531677D2C3A0D220053D22E /* Frameworks */ = {
			isa = PBXFrameworksBuildPhase;
			buildActionMask = 2147483647;
			files = (
				455D40232C3AE1D900C03278 /* Kingfisher in Frameworks */,
			);
			runOnlyForDeploymentPostprocessing = 0;
		};
/* End PBXFrameworksBuildPhase section */

/* Begin PBXGroup section */
		450E57AF2C3DD70700115C50 /* Views */ = {
			isa = PBXGroup;
			children = (
				450E57B02C3DD77400115C50 /* CatalogSearchTopNavigationView.swift */,
				450E57B82C3DDCD800115C50 /* CatalogSearchBar.swift */,
				4557C0732C4081FC00D94380 /* CoffeeSearchView.swift */,
			);
			path = Views;
			sourceTree = "<group>";
		};
		451532572C3D7F12003D7F08 /* CatalogSearch */ = {
			isa = PBXGroup;
			children = (
				450E57AF2C3DD70700115C50 /* Views */,
				450E57A72C3DD10D00115C50 /* CatalogSearchView.swift */,
				450E57AB2C3DD28100115C50 /* CatalogSearchViewModel.swift */,
			);
			path = CatalogSearch;
			sourceTree = "<group>";
		};
		4531675D2C3A0D210053D22E = {
			isa = PBXGroup;
			children = (
				453167682C3A0D210053D22E /* Coffee Cascade */,
				453167792C3A0D220053D22E /* Coffee CascadeTests */,
				453167832C3A0D220053D22E /* Coffee CascadeUITests */,
				453167672C3A0D210053D22E /* Products */,
			);
			sourceTree = "<group>";
		};
		453167672C3A0D210053D22E /* Products */ = {
			isa = PBXGroup;
			children = (
				453167662C3A0D210053D22E /* Coffee Cascade.app */,
				453167762C3A0D220053D22E /* Coffee CascadeTests.xctest */,
				453167802C3A0D220053D22E /* Coffee CascadeUITests.xctest */,
			);
			name = Products;
			sourceTree = "<group>";
		};
		453167682C3A0D210053D22E /* Coffee Cascade */ = {
			isa = PBXGroup;
			children = (
				455D401D2C3AE16200C03278 /* MockObjects */,
				454674B52C3A143F009DA332 /* Support */,
				454674B42C3A0F9C009DA332 /* Services */,
				454674B32C3A0F85009DA332 /* Extenstions */,
				454674B12C3A0F69009DA332 /* Presentation */,
				454674B02C3A0F5E009DA332 /* Models */,
				454674AC2C3A0EC5009DA332 /* Modules */,
				454674AB2C3A0E68009DA332 /* Resources */,
				4531676F2C3A0D210053D22E /* Preview Content */,
			);
			path = "Coffee Cascade";
			sourceTree = "<group>";
		};
		4531676F2C3A0D210053D22E /* Preview Content */ = {
			isa = PBXGroup;
			children = (
				453167702C3A0D210053D22E /* Preview Assets.xcassets */,
			);
			path = "Preview Content";
			sourceTree = "<group>";
		};
		453167792C3A0D220053D22E /* Coffee CascadeTests */ = {
			isa = PBXGroup;
			children = (
				4531677A2C3A0D220053D22E /* Coffee_CascadeTests.swift */,
				4530F2F32C3D76E3007993EF /* Info.plist */,
			);
			path = "Coffee CascadeTests";
			sourceTree = "<group>";
		};
		453167832C3A0D220053D22E /* Coffee CascadeUITests */ = {
			isa = PBXGroup;
			children = (
				453167842C3A0D220053D22E /* Coffee_CascadeUITests.swift */,
				453167862C3A0D220053D22E /* Coffee_CascadeUITestsLaunchTests.swift */,
				4530F2F52C3D76F8007993EF /* Info.plist */,
			);
			path = "Coffee CascadeUITests";
			sourceTree = "<group>";
		};
		454674AB2C3A0E68009DA332 /* Resources */ = {
			isa = PBXGroup;
			children = (
				453167692C3A0D210053D22E /* AppSetup.swift */,
				4531676D2C3A0D210053D22E /* Assets.xcassets */,
				45FB714B2C3D72550029ADE6 /* Info.plist */,
			);
			path = Resources;
			sourceTree = "<group>";
		};
		454674AC2C3A0EC5009DA332 /* Modules */ = {
			isa = PBXGroup;
			children = (
				451532572C3D7F12003D7F08 /* CatalogSearch */,
				455D40312C3B587D00C03278 /* ProductDetail */,
				454674AD2C3A0F0D009DA332 /* Catalog */,
			);
			path = Modules;
			sourceTree = "<group>";
		};
		454674AD2C3A0F0D009DA332 /* Catalog */ = {
			isa = PBXGroup;
			children = (
				455D40102C3AC96100C03278 /* Views */,
				454674AE2C3A0F21009DA332 /* CatalogView.swift */,
				454674B62C3A1477009DA332 /* CatalogViewModel.swift */,
			);
			path = Catalog;
			sourceTree = "<group>";
		};
		454674B02C3A0F5E009DA332 /* Models */ = {
			isa = PBXGroup;
			children = (
				455D40002C3AA7E100C03278 /* Recipe */,
			);
			path = Models;
			sourceTree = "<group>";
		};
		454674B12C3A0F69009DA332 /* Presentation */ = {
			isa = PBXGroup;
			children = (
				456FE7012C3C787D002BDE03 /* UsefulUI */,
				454674B22C3A0F73009DA332 /* ReusableUI */,
			);
			path = Presentation;
			sourceTree = "<group>";
		};
		454674B22C3A0F73009DA332 /* ReusableUI */ = {
			isa = PBXGroup;
			children = (
				455D40082C3AC07A00C03278 /* CoffeeView.swift */,
				455D402B2C3AFBDD00C03278 /* BlurView.swift */,
				455D40342C3B5A0000C03278 /* ProductKFImage.swift */,
				456FE7042C3C8B49002BDE03 /* CloseButtonImage.swift */,
			);
			path = ReusableUI;
			sourceTree = "<group>";
		};
		454674B32C3A0F85009DA332 /* Extenstions */ = {
			isa = PBXGroup;
			children = (
				455D40292C3AF22C00C03278 /* Color+Extension.swift */,
			);
			path = Extenstions;
			sourceTree = "<group>";
		};
		454674B42C3A0F9C009DA332 /* Services */ = {
			isa = PBXGroup;
			children = (
				455D3FFC2C3AA52D00C03278 /* RecipeService.swift */,
				450E57B42C3DD96A00115C50 /* RecipeSearchService.swift */,
			);
			path = Services;
			sourceTree = "<group>";
		};
		454674B52C3A143F009DA332 /* Support */ = {
			isa = PBXGroup;
			children = (
				455D40262C3AF1E500C03278 /* UI */,
				455D40252C3AF1DE00C03278 /* Network */,
				455D400C2C3AC39D00C03278 /* Environment.plist */,
			);
			path = Support;
			sourceTree = "<group>";
		};
		455D40002C3AA7E100C03278 /* Recipe */ = {
			isa = PBXGroup;
			children = (
				455D40012C3AA7E900C03278 /* Recipe.swift */,
				455D40032C3AA7F500C03278 /* Instruction.swift */,
			);
			path = Recipe;
			sourceTree = "<group>";
		};
		455D40102C3AC96100C03278 /* Views */ = {
			isa = PBXGroup;
			children = (
				455D40112C3AC98D00C03278 /* RecipeScrollView.swift */,
				455D402F2C3AFDA000C03278 /* CatalogBottomNavigator.swift */,
				455D40152C3ADBD600C03278 /* CategoriesScrollView.swift */,
				451532532C3D7C6F003D7F08 /* CatalogTopNavigationView.swift */,
			);
			path = Views;
			sourceTree = "<group>";
		};
		455D401D2C3AE16200C03278 /* MockObjects */ = {
			isa = PBXGroup;
			children = (
				455D40242C3AE21E00C03278 /* PreviewObjects */,
			);
			path = MockObjects;
			sourceTree = "<group>";
		};
		455D40242C3AE21E00C03278 /* PreviewObjects */ = {
			isa = PBXGroup;
			children = (
				455D401E2C3AE16C00C03278 /* MockCatalogViewModel.swift */,
			);
			path = PreviewObjects;
			sourceTree = "<group>";
		};
		455D40252C3AF1DE00C03278 /* Network */ = {
			isa = PBXGroup;
			children = (
				455D3FF82C3AA47F00C03278 /* DataRepository.swift */,
				455D3FFA2C3AA4C600C03278 /* HTTPMethod.swift */,
				455D3FFE2C3AA55000C03278 /* Router.swift */,
				455D400A2C3AC30700C03278 /* AppConstants.swift */,
			);
			path = Network;
			sourceTree = "<group>";
		};
		455D40262C3AF1E500C03278 /* UI */ = {
			isa = PBXGroup;
			children = (
				45FB71422C3D71770029ADE6 /* Fonts */,
				455D40272C3AF1EB00C03278 /* CustomColor.swift */,
				45FB71472C3D72120029ADE6 /* CustomFont.swift */,
			);
			path = UI;
			sourceTree = "<group>";
		};
		455D40312C3B587D00C03278 /* ProductDetail */ = {
			isa = PBXGroup;
			children = (
				456FE7242C3C95BE002BDE03 /* Views */,
				455D40322C3B58AD00C03278 /* ProductDetailView.swift */,
				456FE7062C3C8B56002BDE03 /* DragState.swift */,
			);
			path = ProductDetail;
			sourceTree = "<group>";
		};
		456FE7012C3C787D002BDE03 /* UsefulUI */ = {
			isa = PBXGroup;
			children = (
				456FE7022C3C7883002BDE03 /* GestureHandlingView.swift */,
			);
			path = UsefulUI;
			sourceTree = "<group>";
		};
		456FE7242C3C95BE002BDE03 /* Views */ = {
			isa = PBXGroup;
			children = (
				456FE7082C3C8CB9002BDE03 /* DetailScrollContent.swift */,
				456FE70E2C3C934A002BDE03 /* DetailRecipeIngredientView.swift */,
				456FE7142C3C946E002BDE03 /* DetailsRecipeInstructionsView.swift */,
				456FE71A2C3C9581002BDE03 /* DetailScrollOverlayContent.swift */,
			);
			path = Views;
			sourceTree = "<group>";
		};
		45FB71422C3D71770029ADE6 /* Fonts */ = {
			isa = PBXGroup;
			children = (
				450E57BC2C3DDD7B00115C50 /* Inter-Bold.otf */,
				451532512C3D7A62003D7F08 /* Inter-SemiBold.otf */,
				45FB71432C3D71F00029ADE6 /* Inter-Light.otf */,
			);
			path = Fonts;
			sourceTree = "<group>";
		};
/* End PBXGroup section */

/* Begin PBXNativeTarget section */
		453167652C3A0D210053D22E /* Coffee Cascade */ = {
			isa = PBXNativeTarget;
			buildConfigurationList = 4531678A2C3A0D220053D22E /* Build configuration list for PBXNativeTarget "Coffee Cascade" */;
			buildPhases = (
				453167622C3A0D210053D22E /* Sources */,
				453167632C3A0D210053D22E /* Frameworks */,
				453167642C3A0D210053D22E /* Resources */,
			);
			buildRules = (
			);
			dependencies = (
			);
			name = "Coffee Cascade";
			packageProductDependencies = (
				455D40062C3AAF5E00C03278 /* Kingfisher */,
			);
			productName = "Coffee Cascade";
			productReference = 453167662C3A0D210053D22E /* Coffee Cascade.app */;
			productType = "com.apple.product-type.application";
		};
		453167752C3A0D220053D22E /* Coffee CascadeTests */ = {
			isa = PBXNativeTarget;
			buildConfigurationList = 4531678D2C3A0D220053D22E /* Build configuration list for PBXNativeTarget "Coffee CascadeTests" */;
			buildPhases = (
				453167722C3A0D220053D22E /* Sources */,
				453167732C3A0D220053D22E /* Frameworks */,
				453167742C3A0D220053D22E /* Resources */,
			);
			buildRules = (
			);
			dependencies = (
				453167782C3A0D220053D22E /* PBXTargetDependency */,
			);
			name = "Coffee CascadeTests";
			packageProductDependencies = (
				455D40202C3AE1CC00C03278 /* Kingfisher */,
			);
			productName = "Coffee CascadeTests";
			productReference = 453167762C3A0D220053D22E /* Coffee CascadeTests.xctest */;
			productType = "com.apple.product-type.bundle.unit-test";
		};
		4531677F2C3A0D220053D22E /* Coffee CascadeUITests */ = {
			isa = PBXNativeTarget;
			buildConfigurationList = 453167902C3A0D220053D22E /* Build configuration list for PBXNativeTarget "Coffee CascadeUITests" */;
			buildPhases = (
				4531677C2C3A0D220053D22E /* Sources */,
				4531677D2C3A0D220053D22E /* Frameworks */,
				4531677E2C3A0D220053D22E /* Resources */,
			);
			buildRules = (
			);
			dependencies = (
				453167822C3A0D220053D22E /* PBXTargetDependency */,
			);
			name = "Coffee CascadeUITests";
			packageProductDependencies = (
				455D40222C3AE1D900C03278 /* Kingfisher */,
			);
			productName = "Coffee CascadeUITests";
			productReference = 453167802C3A0D220053D22E /* Coffee CascadeUITests.xctest */;
			productType = "com.apple.product-type.bundle.ui-testing";
		};
/* End PBXNativeTarget section */

/* Begin PBXProject section */
		4531675E2C3A0D210053D22E /* Project object */ = {
			isa = PBXProject;
			attributes = {
				BuildIndependentTargetsInParallel = 1;
				LastSwiftUpdateCheck = 1540;
				LastUpgradeCheck = 1540;
				TargetAttributes = {
					453167652C3A0D210053D22E = {
						CreatedOnToolsVersion = 15.4;
					};
					453167752C3A0D220053D22E = {
						CreatedOnToolsVersion = 15.4;
						TestTargetID = 453167652C3A0D210053D22E;
					};
					4531677F2C3A0D220053D22E = {
						CreatedOnToolsVersion = 15.4;
						TestTargetID = 453167652C3A0D210053D22E;
					};
				};
			};
			buildConfigurationList = 453167612C3A0D210053D22E /* Build configuration list for PBXProject "Coffee Cascade" */;
			compatibilityVersion = "Xcode 14.0";
			developmentRegion = en;
			hasScannedForEncodings = 0;
			knownRegions = (
				en,
				Base,
			);
			mainGroup = 4531675D2C3A0D210053D22E;
			packageReferences = (
				455D40052C3AAF5E00C03278 /* XCRemoteSwiftPackageReference "Kingfisher" */,
			);
			productRefGroup = 453167672C3A0D210053D22E /* Products */;
			projectDirPath = "";
			projectRoot = "";
			targets = (
				453167652C3A0D210053D22E /* Coffee Cascade */,
				453167752C3A0D220053D22E /* Coffee CascadeTests */,
				4531677F2C3A0D220053D22E /* Coffee CascadeUITests */,
			);
		};
/* End PBXProject section */

/* Begin PBXResourcesBuildPhase section */
		453167642C3A0D210053D22E /* Resources */ = {
			isa = PBXResourcesBuildPhase;
			buildActionMask = 2147483647;
			files = (
				453167712C3A0D210053D22E /* Preview Assets.xcassets in Resources */,
				45FB71442C3D71F00029ADE6 /* Inter-Light.otf in Resources */,
				455D400D2C3AC39D00C03278 /* Environment.plist in Resources */,
				451532522C3D7A63003D7F08 /* Inter-SemiBold.otf in Resources */,
				4531676E2C3A0D210053D22E /* Assets.xcassets in Resources */,
				450E57BD2C3DDD7B00115C50 /* Inter-Bold.otf in Resources */,
			);
			runOnlyForDeploymentPostprocessing = 0;
		};
		453167742C3A0D220053D22E /* Resources */ = {
			isa = PBXResourcesBuildPhase;
			buildActionMask = 2147483647;
			files = (
				456FE73D2C3C964C002BDE03 /* Preview Assets.xcassets in Resources */,
				450E57BE2C3DDD7B00115C50 /* Inter-Bold.otf in Resources */,
				45FB71452C3D71F00029ADE6 /* Inter-Light.otf in Resources */,
				456FE73F2C3C964E002BDE03 /* Assets.xcassets in Resources */,
				455D400E2C3AC39D00C03278 /* Environment.plist in Resources */,
			);
			runOnlyForDeploymentPostprocessing = 0;
		};
		4531677E2C3A0D220053D22E /* Resources */ = {
			isa = PBXResourcesBuildPhase;
			buildActionMask = 2147483647;
			files = (
				456FE73E2C3C964C002BDE03 /* Preview Assets.xcassets in Resources */,
				450E57BF2C3DDD7B00115C50 /* Inter-Bold.otf in Resources */,
				45FB71462C3D71F00029ADE6 /* Inter-Light.otf in Resources */,
				456FE7402C3C964E002BDE03 /* Assets.xcassets in Resources */,
				455D400F2C3AC39D00C03278 /* Environment.plist in Resources */,
			);
			runOnlyForDeploymentPostprocessing = 0;
		};
/* End PBXResourcesBuildPhase section */

/* Begin PBXSourcesBuildPhase section */
		453167622C3A0D210053D22E /* Sources */ = {
			isa = PBXSourcesBuildPhase;
			buildActionMask = 2147483647;
			files = (
				455D40042C3AA7F500C03278 /* Instruction.swift in Sources */,
				454674AF2C3A0F21009DA332 /* CatalogView.swift in Sources */,
				456FE7052C3C8B49002BDE03 /* CloseButtonImage.swift in Sources */,
				455D3FFD2C3AA52D00C03278 /* RecipeService.swift in Sources */,
				455D40122C3AC98D00C03278 /* RecipeScrollView.swift in Sources */,
				455D400B2C3AC30700C03278 /* AppConstants.swift in Sources */,
				456FE71B2C3C9581002BDE03 /* DetailScrollOverlayContent.swift in Sources */,
				456FE7072C3C8B56002BDE03 /* DragState.swift in Sources */,
				455D40332C3B58AD00C03278 /* ProductDetailView.swift in Sources */,
				455D3FFF2C3AA55000C03278 /* Router.swift in Sources */,
				456FE7092C3C8CB9002BDE03 /* DetailScrollContent.swift in Sources */,
				455D40092C3AC07A00C03278 /* CoffeeView.swift in Sources */,
				456FE7032C3C7883002BDE03 /* GestureHandlingView.swift in Sources */,
				455D40352C3B5A0000C03278 /* ProductKFImage.swift in Sources */,
				450E57B12C3DD77400115C50 /* CatalogSearchTopNavigationView.swift in Sources */,
				451532542C3D7C6F003D7F08 /* CatalogTopNavigationView.swift in Sources */,
				455D402A2C3AF22C00C03278 /* Color+Extension.swift in Sources */,
				456FE7152C3C946E002BDE03 /* DetailsRecipeInstructionsView.swift in Sources */,
				455D3FF92C3AA47F00C03278 /* DataRepository.swift in Sources */,
				450E57AC2C3DD28100115C50 /* CatalogSearchViewModel.swift in Sources */,
				450E57A82C3DD10D00115C50 /* CatalogSearchView.swift in Sources */,
				455D40282C3AF1EB00C03278 /* CustomColor.swift in Sources */,
				4531676A2C3A0D210053D22E /* AppSetup.swift in Sources */,
				455D3FFB2C3AA4C600C03278 /* HTTPMethod.swift in Sources */,
				450E57B52C3DD96A00115C50 /* RecipeSearchService.swift in Sources */,
				456FE70F2C3C934A002BDE03 /* DetailRecipeIngredientView.swift in Sources */,
				45FB71482C3D72120029ADE6 /* CustomFont.swift in Sources */,
				455D401F2C3AE16C00C03278 /* MockCatalogViewModel.swift in Sources */,
				455D402C2C3AFBDD00C03278 /* BlurView.swift in Sources */,
				455D40302C3AFDA000C03278 /* CatalogBottomNavigator.swift in Sources */,
				4557C0742C4081FC00D94380 /* CoffeeSearchView.swift in Sources */,
				454674B72C3A1477009DA332 /* CatalogViewModel.swift in Sources */,
				450E57B92C3DDCD800115C50 /* CatalogSearchBar.swift in Sources */,
				455D40162C3ADBD600C03278 /* CategoriesScrollView.swift in Sources */,
				455D40022C3AA7E900C03278 /* Recipe.swift in Sources */,
			);
			runOnlyForDeploymentPostprocessing = 0;
		};
		453167722C3A0D220053D22E /* Sources */ = {
			isa = PBXSourcesBuildPhase;
			buildActionMask = 2147483647;
			files = (
				45FB71492C3D72120029ADE6 /* CustomFont.swift in Sources */,
				450E57BA2C3DDCD800115C50 /* CatalogSearchBar.swift in Sources */,
				456FE7352C3C963E002BDE03 /* CategoriesScrollView.swift in Sources */,
				455D40172C3ADF3A00C03278 /* Recipe.swift in Sources */,
				456FE72D2C3C961C002BDE03 /* Color+Extension.swift in Sources */,
				456FE72F2C3C9622002BDE03 /* CustomColor.swift in Sources */,
				456FE7122C3C9386002BDE03 /* ProductDetailView.swift in Sources */,
				456FE70A2C3C9237002BDE03 /* GestureHandlingView.swift in Sources */,
				456FE7202C3C95A5002BDE03 /* MockCatalogViewModel.swift in Sources */,
				456FE73B2C3C9648002BDE03 /* AppSetup.swift in Sources */,
				4557C0752C4081FC00D94380 /* CoffeeSearchView.swift in Sources */,
				456FE71C2C3C9581002BDE03 /* DetailScrollOverlayContent.swift in Sources */,
				4531677B2C3A0D220053D22E /* Coffee_CascadeTests.swift in Sources */,
				456FE7252C3C95E2002BDE03 /* RecipeService.swift in Sources */,
				455D40192C3ADF4B00C03278 /* CoffeeView.swift in Sources */,
				456FE72B2C3C9617002BDE03 /* HTTPMethod.swift in Sources */,
				456FE7292C3C9609002BDE03 /* DataRepository.swift in Sources */,
				456FE70C2C3C923B002BDE03 /* ProductKFImage.swift in Sources */,
				451532552C3D7D04003D7F08 /* CatalogTopNavigationView.swift in Sources */,
				450E57B62C3DD96A00115C50 /* RecipeSearchService.swift in Sources */,
				456FE7392C3C9645002BDE03 /* CatalogBottomNavigator.swift in Sources */,
				456FE7372C3C9641002BDE03 /* CatalogView.swift in Sources */,
				456FE7222C3C95AD002BDE03 /* CatalogViewModel.swift in Sources */,
				450E57AD2C3DD28100115C50 /* CatalogSearchViewModel.swift in Sources */,
				450E57A92C3DD10D00115C50 /* CatalogSearchView.swift in Sources */,
				455D401B2C3ADF5100C03278 /* Instruction.swift in Sources */,
				456FE7102C3C9356002BDE03 /* DetailRecipeIngredientView.swift in Sources */,
				456FE7312C3C9628002BDE03 /* Router.swift in Sources */,
				456FE7162C3C946E002BDE03 /* DetailsRecipeInstructionsView.swift in Sources */,
				456FE7272C3C95F8002BDE03 /* DragState.swift in Sources */,
				456FE7332C3C962B002BDE03 /* AppConstants.swift in Sources */,
				456FE71E2C3C959F002BDE03 /* CloseButtonImage.swift in Sources */,
				456FE7182C3C9520002BDE03 /* DetailScrollContent.swift in Sources */,
				455D40132C3AC98D00C03278 /* RecipeScrollView.swift in Sources */,
				455D402D2C3AFC1C00C03278 /* BlurView.swift in Sources */,
				450E57B22C3DD77400115C50 /* CatalogSearchTopNavigationView.swift in Sources */,
			);
			runOnlyForDeploymentPostprocessing = 0;
		};
		4531677C2C3A0D220053D22E /* Sources */ = {
			isa = PBXSourcesBuildPhase;
			buildActionMask = 2147483647;
			files = (
				455D401C2C3ADF5100C03278 /* Instruction.swift in Sources */,
				456FE73C2C3C9648002BDE03 /* AppSetup.swift in Sources */,
				450E57B72C3DD96A00115C50 /* RecipeSearchService.swift in Sources */,
				456FE7362C3C963F002BDE03 /* CategoriesScrollView.swift in Sources */,
				456FE72A2C3C9609002BDE03 /* DataRepository.swift in Sources */,
				456FE72C2C3C9617002BDE03 /* HTTPMethod.swift in Sources */,
				455D402E2C3AFC1D00C03278 /* BlurView.swift in Sources */,
				450E57B32C3DD77400115C50 /* CatalogSearchTopNavigationView.swift in Sources */,
				451532562C3D7D04003D7F08 /* CatalogTopNavigationView.swift in Sources */,
				456FE7232C3C95AD002BDE03 /* CatalogViewModel.swift in Sources */,
				456FE7282C3C95F9002BDE03 /* DragState.swift in Sources */,
				456FE71D2C3C9581002BDE03 /* DetailScrollOverlayContent.swift in Sources */,
				4557C0762C4081FC00D94380 /* CoffeeSearchView.swift in Sources */,
				456FE7132C3C9386002BDE03 /* ProductDetailView.swift in Sources */,
				455D40142C3AC98D00C03278 /* RecipeScrollView.swift in Sources */,
				456FE7382C3C9641002BDE03 /* CatalogView.swift in Sources */,
				456FE72E2C3C961D002BDE03 /* Color+Extension.swift in Sources */,
				456FE71F2C3C959F002BDE03 /* CloseButtonImage.swift in Sources */,
				456FE7212C3C95A5002BDE03 /* MockCatalogViewModel.swift in Sources */,
				45FB714A2C3D72120029ADE6 /* CustomFont.swift in Sources */,
				456FE70B2C3C9238002BDE03 /* GestureHandlingView.swift in Sources */,
				453167852C3A0D220053D22E /* Coffee_CascadeUITests.swift in Sources */,
				453167872C3A0D220053D22E /* Coffee_CascadeUITestsLaunchTests.swift in Sources */,
				450E57AE2C3DD28100115C50 /* CatalogSearchViewModel.swift in Sources */,
				450E57BB2C3DDCD800115C50 /* CatalogSearchBar.swift in Sources */,
				456FE7192C3C9521002BDE03 /* DetailScrollContent.swift in Sources */,
				456FE7322C3C9628002BDE03 /* Router.swift in Sources */,
				455D40182C3ADF3B00C03278 /* Recipe.swift in Sources */,
				456FE7262C3C95E2002BDE03 /* RecipeService.swift in Sources */,
				456FE7342C3C962B002BDE03 /* AppConstants.swift in Sources */,
				456FE7172C3C946E002BDE03 /* DetailsRecipeInstructionsView.swift in Sources */,
				456FE70D2C3C923C002BDE03 /* ProductKFImage.swift in Sources */,
				456FE7302C3C9622002BDE03 /* CustomColor.swift in Sources */,
				456FE7112C3C9356002BDE03 /* DetailRecipeIngredientView.swift in Sources */,
				456FE73A2C3C9645002BDE03 /* CatalogBottomNavigator.swift in Sources */,
				450E57AA2C3DD10D00115C50 /* CatalogSearchView.swift in Sources */,
				455D401A2C3ADF4C00C03278 /* CoffeeView.swift in Sources */,
			);
			runOnlyForDeploymentPostprocessing = 0;
		};
/* End PBXSourcesBuildPhase section */

/* Begin PBXTargetDependency section */
		453167782C3A0D220053D22E /* PBXTargetDependency */ = {
			isa = PBXTargetDependency;
			target = 453167652C3A0D210053D22E /* Coffee Cascade */;
			targetProxy = 453167772C3A0D220053D22E /* PBXContainerItemProxy */;
		};
		453167822C3A0D220053D22E /* PBXTargetDependency */ = {
			isa = PBXTargetDependency;
			target = 453167652C3A0D210053D22E /* Coffee Cascade */;
			targetProxy = 453167812C3A0D220053D22E /* PBXContainerItemProxy */;
		};
/* End PBXTargetDependency section */

/* Begin XCBuildConfiguration section */
		453167882C3A0D220053D22E /* Debug */ = {
			isa = XCBuildConfiguration;
			buildSettings = {
				ALWAYS_SEARCH_USER_PATHS = NO;
				ASSETCATALOG_COMPILER_GENERATE_SWIFT_ASSET_SYMBOL_EXTENSIONS = YES;
				CLANG_ANALYZER_NONNULL = YES;
				CLANG_ANALYZER_NUMBER_OBJECT_CONVERSION = YES_AGGRESSIVE;
				CLANG_CXX_LANGUAGE_STANDARD = "gnu++20";
				CLANG_ENABLE_MODULES = YES;
				CLANG_ENABLE_OBJC_ARC = YES;
				CLANG_ENABLE_OBJC_WEAK = YES;
				CLANG_WARN_BLOCK_CAPTURE_AUTORELEASING = YES;
				CLANG_WARN_BOOL_CONVERSION = YES;
				CLANG_WARN_COMMA = YES;
				CLANG_WARN_CONSTANT_CONVERSION = YES;
				CLANG_WARN_DEPRECATED_OBJC_IMPLEMENTATIONS = YES;
				CLANG_WARN_DIRECT_OBJC_ISA_USAGE = YES_ERROR;
				CLANG_WARN_DOCUMENTATION_COMMENTS = YES;
				CLANG_WARN_EMPTY_BODY = YES;
				CLANG_WARN_ENUM_CONVERSION = YES;
				CLANG_WARN_INFINITE_RECURSION = YES;
				CLANG_WARN_INT_CONVERSION = YES;
				CLANG_WARN_NON_LITERAL_NULL_CONVERSION = YES;
				CLANG_WARN_OBJC_IMPLICIT_RETAIN_SELF = YES;
				CLANG_WARN_OBJC_LITERAL_CONVERSION = YES;
				CLANG_WARN_OBJC_ROOT_CLASS = YES_ERROR;
				CLANG_WARN_QUOTED_INCLUDE_IN_FRAMEWORK_HEADER = YES;
				CLANG_WARN_RANGE_LOOP_ANALYSIS = YES;
				CLANG_WARN_STRICT_PROTOTYPES = YES;
				CLANG_WARN_SUSPICIOUS_MOVE = YES;
				CLANG_WARN_UNGUARDED_AVAILABILITY = YES_AGGRESSIVE;
				CLANG_WARN_UNREACHABLE_CODE = YES;
				CLANG_WARN__DUPLICATE_METHOD_MATCH = YES;
				COPY_PHASE_STRIP = NO;
				DEBUG_INFORMATION_FORMAT = dwarf;
				ENABLE_STRICT_OBJC_MSGSEND = YES;
				ENABLE_TESTABILITY = YES;
				ENABLE_USER_SCRIPT_SANDBOXING = YES;
				GCC_C_LANGUAGE_STANDARD = gnu17;
				GCC_DYNAMIC_NO_PIC = NO;
				GCC_NO_COMMON_BLOCKS = YES;
				GCC_OPTIMIZATION_LEVEL = 0;
				GCC_PREPROCESSOR_DEFINITIONS = (
					"DEBUG=1",
					"$(inherited)",
				);
				GCC_WARN_64_TO_32_BIT_CONVERSION = YES;
				GCC_WARN_ABOUT_RETURN_TYPE = YES_ERROR;
				GCC_WARN_UNDECLARED_SELECTOR = YES;
				GCC_WARN_UNINITIALIZED_AUTOS = YES_AGGRESSIVE;
				GCC_WARN_UNUSED_FUNCTION = YES;
				GCC_WARN_UNUSED_VARIABLE = YES;
				IPHONEOS_DEPLOYMENT_TARGET = 17.5;
				LOCALIZATION_PREFERS_STRING_CATALOGS = YES;
				MTL_ENABLE_DEBUG_INFO = INCLUDE_SOURCE;
				MTL_FAST_MATH = YES;
				ONLY_ACTIVE_ARCH = YES;
				SDKROOT = iphoneos;
				SWIFT_ACTIVE_COMPILATION_CONDITIONS = "DEBUG $(inherited)";
				SWIFT_OPTIMIZATION_LEVEL = "-Onone";
			};
			name = Debug;
		};
		453167892C3A0D220053D22E /* Release */ = {
			isa = XCBuildConfiguration;
			buildSettings = {
				ALWAYS_SEARCH_USER_PATHS = NO;
				ASSETCATALOG_COMPILER_GENERATE_SWIFT_ASSET_SYMBOL_EXTENSIONS = YES;
				CLANG_ANALYZER_NONNULL = YES;
				CLANG_ANALYZER_NUMBER_OBJECT_CONVERSION = YES_AGGRESSIVE;
				CLANG_CXX_LANGUAGE_STANDARD = "gnu++20";
				CLANG_ENABLE_MODULES = YES;
				CLANG_ENABLE_OBJC_ARC = YES;
				CLANG_ENABLE_OBJC_WEAK = YES;
				CLANG_WARN_BLOCK_CAPTURE_AUTORELEASING = YES;
				CLANG_WARN_BOOL_CONVERSION = YES;
				CLANG_WARN_COMMA = YES;
				CLANG_WARN_CONSTANT_CONVERSION = YES;
				CLANG_WARN_DEPRECATED_OBJC_IMPLEMENTATIONS = YES;
				CLANG_WARN_DIRECT_OBJC_ISA_USAGE = YES_ERROR;
				CLANG_WARN_DOCUMENTATION_COMMENTS = YES;
				CLANG_WARN_EMPTY_BODY = YES;
				CLANG_WARN_ENUM_CONVERSION = YES;
				CLANG_WARN_INFINITE_RECURSION = YES;
				CLANG_WARN_INT_CONVERSION = YES;
				CLANG_WARN_NON_LITERAL_NULL_CONVERSION = YES;
				CLANG_WARN_OBJC_IMPLICIT_RETAIN_SELF = YES;
				CLANG_WARN_OBJC_LITERAL_CONVERSION = YES;
				CLANG_WARN_OBJC_ROOT_CLASS = YES_ERROR;
				CLANG_WARN_QUOTED_INCLUDE_IN_FRAMEWORK_HEADER = YES;
				CLANG_WARN_RANGE_LOOP_ANALYSIS = YES;
				CLANG_WARN_STRICT_PROTOTYPES = YES;
				CLANG_WARN_SUSPICIOUS_MOVE = YES;
				CLANG_WARN_UNGUARDED_AVAILABILITY = YES_AGGRESSIVE;
				CLANG_WARN_UNREACHABLE_CODE = YES;
				CLANG_WARN__DUPLICATE_METHOD_MATCH = YES;
				COPY_PHASE_STRIP = NO;
				DEBUG_INFORMATION_FORMAT = "dwarf-with-dsym";
				ENABLE_NS_ASSERTIONS = NO;
				ENABLE_STRICT_OBJC_MSGSEND = YES;
				ENABLE_USER_SCRIPT_SANDBOXING = YES;
				GCC_C_LANGUAGE_STANDARD = gnu17;
				GCC_NO_COMMON_BLOCKS = YES;
				GCC_WARN_64_TO_32_BIT_CONVERSION = YES;
				GCC_WARN_ABOUT_RETURN_TYPE = YES_ERROR;
				GCC_WARN_UNDECLARED_SELECTOR = YES;
				GCC_WARN_UNINITIALIZED_AUTOS = YES_AGGRESSIVE;
				GCC_WARN_UNUSED_FUNCTION = YES;
				GCC_WARN_UNUSED_VARIABLE = YES;
				IPHONEOS_DEPLOYMENT_TARGET = 17.5;
				LOCALIZATION_PREFERS_STRING_CATALOGS = YES;
				MTL_ENABLE_DEBUG_INFO = NO;
				MTL_FAST_MATH = YES;
				SDKROOT = iphoneos;
				SWIFT_COMPILATION_MODE = wholemodule;
				VALIDATE_PRODUCT = YES;
			};
			name = Release;
		};
		4531678B2C3A0D220053D22E /* Debug */ = {
			isa = XCBuildConfiguration;
			buildSettings = {
				ASSETCATALOG_COMPILER_APPICON_NAME = AppIcon;
				ASSETCATALOG_COMPILER_GLOBAL_ACCENT_COLOR_NAME = AccentColor;
				CODE_SIGN_STYLE = Automatic;
				CURRENT_PROJECT_VERSION = 1;
				DEVELOPMENT_ASSET_PATHS = "\"Coffee Cascade/Preview Content\"";
				DEVELOPMENT_TEAM = YGKQ6UQ529;
				DONT_GENERATE_INFOPLIST_FILE = NO;
				ENABLE_PREVIEWS = YES;
				GENERATE_INFOPLIST_FILE = NO;
				INFOPLIST_FILE = "Coffee Cascade/Resources/Info.plist";
				INFOPLIST_KEY_UIApplicationSceneManifest_Generation = YES;
				INFOPLIST_KEY_UIApplicationSupportsIndirectInputEvents = YES;
				INFOPLIST_KEY_UILaunchScreen_Generation = YES;
				INFOPLIST_KEY_UISupportedInterfaceOrientations_iPad = "UIInterfaceOrientationPortrait UIInterfaceOrientationPortraitUpsideDown UIInterfaceOrientationLandscapeLeft UIInterfaceOrientationLandscapeRight";
				INFOPLIST_KEY_UISupportedInterfaceOrientations_iPhone = "UIInterfaceOrientationPortrait UIInterfaceOrientationLandscapeLeft UIInterfaceOrientationLandscapeRight";
				IPHONEOS_DEPLOYMENT_TARGET = 17.0;
				LD_RUNPATH_SEARCH_PATHS = (
					"$(inherited)",
					"@executable_path/Frameworks",
				);
				MARKETING_VERSION = 1.0;
				PRODUCT_BUNDLE_IDENTIFIER = "com.spikespiegel.Coffee-Cascade";
				PRODUCT_NAME = "$(TARGET_NAME)";
				SWIFT_EMIT_LOC_STRINGS = YES;
				SWIFT_VERSION = 5.0;
				TARGETED_DEVICE_FAMILY = "1,2";
			};
			name = Debug;
		};
		4531678C2C3A0D220053D22E /* Release */ = {
			isa = XCBuildConfiguration;
			buildSettings = {
				ASSETCATALOG_COMPILER_APPICON_NAME = AppIcon;
				ASSETCATALOG_COMPILER_GLOBAL_ACCENT_COLOR_NAME = AccentColor;
				CODE_SIGN_STYLE = Automatic;
				CURRENT_PROJECT_VERSION = 1;
				DEVELOPMENT_ASSET_PATHS = "\"Coffee Cascade/Preview Content\"";
				DEVELOPMENT_TEAM = YGKQ6UQ529;
				DONT_GENERATE_INFOPLIST_FILE = NO;
				ENABLE_PREVIEWS = YES;
				GENERATE_INFOPLIST_FILE = NO;
				INFOPLIST_FILE = "Coffee Cascade/Resources/Info.plist";
				INFOPLIST_KEY_UIApplicationSceneManifest_Generation = YES;
				INFOPLIST_KEY_UIApplicationSupportsIndirectInputEvents = YES;
				INFOPLIST_KEY_UILaunchScreen_Generation = YES;
				INFOPLIST_KEY_UISupportedInterfaceOrientations_iPad = "UIInterfaceOrientationPortrait UIInterfaceOrientationPortraitUpsideDown UIInterfaceOrientationLandscapeLeft UIInterfaceOrientationLandscapeRight";
				INFOPLIST_KEY_UISupportedInterfaceOrientations_iPhone = "UIInterfaceOrientationPortrait UIInterfaceOrientationLandscapeLeft UIInterfaceOrientationLandscapeRight";
				IPHONEOS_DEPLOYMENT_TARGET = 17.0;
				LD_RUNPATH_SEARCH_PATHS = (
					"$(inherited)",
					"@executable_path/Frameworks",
				);
				MARKETING_VERSION = 1.0;
				PRODUCT_BUNDLE_IDENTIFIER = "com.spikespiegel.Coffee-Cascade";
				PRODUCT_NAME = "$(TARGET_NAME)";
				SWIFT_EMIT_LOC_STRINGS = YES;
				SWIFT_VERSION = 5.0;
				TARGETED_DEVICE_FAMILY = "1,2";
			};
			name = Release;
		};
		4531678E2C3A0D220053D22E /* Debug */ = {
			isa = XCBuildConfiguration;
			buildSettings = {
				ALWAYS_EMBED_SWIFT_STANDARD_LIBRARIES = YES;
				BUNDLE_LOADER = "$(TEST_HOST)";
				CODE_SIGN_STYLE = Automatic;
				CURRENT_PROJECT_VERSION = 1;
				DEVELOPMENT_TEAM = YGKQ6UQ529;
				GENERATE_INFOPLIST_FILE = YES;
				INFOPLIST_FILE = "";
				IPHONEOS_DEPLOYMENT_TARGET = 17.0;
				MARKETING_VERSION = 1.0;
				PRODUCT_BUNDLE_IDENTIFIER = "com.spikespiegel.Coffee-CascadeTests";
				PRODUCT_NAME = "$(TARGET_NAME)";
				SWIFT_EMIT_LOC_STRINGS = NO;
				SWIFT_VERSION = 5.0;
				TARGETED_DEVICE_FAMILY = "1,2";
				TEST_HOST = "$(BUILT_PRODUCTS_DIR)/Coffee Cascade.app/$(BUNDLE_EXECUTABLE_FOLDER_PATH)/Coffee Cascade";
			};
			name = Debug;
		};
		4531678F2C3A0D220053D22E /* Release */ = {
			isa = XCBuildConfiguration;
			buildSettings = {
				ALWAYS_EMBED_SWIFT_STANDARD_LIBRARIES = YES;
				BUNDLE_LOADER = "$(TEST_HOST)";
				CODE_SIGN_STYLE = Automatic;
				CURRENT_PROJECT_VERSION = 1;
				DEVELOPMENT_TEAM = YGKQ6UQ529;
				GENERATE_INFOPLIST_FILE = YES;
				INFOPLIST_FILE = "";
				IPHONEOS_DEPLOYMENT_TARGET = 17.0;
				MARKETING_VERSION = 1.0;
				PRODUCT_BUNDLE_IDENTIFIER = "com.spikespiegel.Coffee-CascadeTests";
				PRODUCT_NAME = "$(TARGET_NAME)";
				SWIFT_EMIT_LOC_STRINGS = NO;
				SWIFT_VERSION = 5.0;
				TARGETED_DEVICE_FAMILY = "1,2";
				TEST_HOST = "$(BUILT_PRODUCTS_DIR)/Coffee Cascade.app/$(BUNDLE_EXECUTABLE_FOLDER_PATH)/Coffee Cascade";
			};
			name = Release;
		};
		453167912C3A0D220053D22E /* Debug */ = {
			isa = XCBuildConfiguration;
			buildSettings = {
				ALWAYS_EMBED_SWIFT_STANDARD_LIBRARIES = YES;
				CODE_SIGN_STYLE = Automatic;
				CURRENT_PROJECT_VERSION = 1;
				DEVELOPMENT_TEAM = YGKQ6UQ529;
				GENERATE_INFOPLIST_FILE = YES;
				INFOPLIST_FILE = "";
				IPHONEOS_DEPLOYMENT_TARGET = 17.0;
				MARKETING_VERSION = 1.0;
				PRODUCT_BUNDLE_IDENTIFIER = "com.spikespiegel.Coffee-CascadeUITests";
				PRODUCT_NAME = "$(TARGET_NAME)";
				SWIFT_EMIT_LOC_STRINGS = NO;
				SWIFT_VERSION = 5.0;
				TARGETED_DEVICE_FAMILY = "1,2";
				TEST_TARGET_NAME = "Coffee Cascade";
			};
			name = Debug;
		};
		453167922C3A0D220053D22E /* Release */ = {
			isa = XCBuildConfiguration;
			buildSettings = {
				ALWAYS_EMBED_SWIFT_STANDARD_LIBRARIES = YES;
				CODE_SIGN_STYLE = Automatic;
				CURRENT_PROJECT_VERSION = 1;
				DEVELOPMENT_TEAM = YGKQ6UQ529;
				GENERATE_INFOPLIST_FILE = YES;
				INFOPLIST_FILE = "";
				IPHONEOS_DEPLOYMENT_TARGET = 17.0;
				MARKETING_VERSION = 1.0;
				PRODUCT_BUNDLE_IDENTIFIER = "com.spikespiegel.Coffee-CascadeUITests";
				PRODUCT_NAME = "$(TARGET_NAME)";
				SWIFT_EMIT_LOC_STRINGS = NO;
				SWIFT_VERSION = 5.0;
				TARGETED_DEVICE_FAMILY = "1,2";
				TEST_TARGET_NAME = "Coffee Cascade";
			};
			name = Release;
		};
/* End XCBuildConfiguration section */

/* Begin XCConfigurationList section */
		453167612C3A0D210053D22E /* Build configuration list for PBXProject "Coffee Cascade" */ = {
			isa = XCConfigurationList;
			buildConfigurations = (
				453167882C3A0D220053D22E /* Debug */,
				453167892C3A0D220053D22E /* Release */,
			);
			defaultConfigurationIsVisible = 0;
			defaultConfigurationName = Release;
		};
		4531678A2C3A0D220053D22E /* Build configuration list for PBXNativeTarget "Coffee Cascade" */ = {
			isa = XCConfigurationList;
			buildConfigurations = (
				4531678B2C3A0D220053D22E /* Debug */,
				4531678C2C3A0D220053D22E /* Release */,
			);
			defaultConfigurationIsVisible = 0;
			defaultConfigurationName = Release;
		};
		4531678D2C3A0D220053D22E /* Build configuration list for PBXNativeTarget "Coffee CascadeTests" */ = {
			isa = XCConfigurationList;
			buildConfigurations = (
				4531678E2C3A0D220053D22E /* Debug */,
				4531678F2C3A0D220053D22E /* Release */,
			);
			defaultConfigurationIsVisible = 0;
			defaultConfigurationName = Release;
		};
		453167902C3A0D220053D22E /* Build configuration list for PBXNativeTarget "Coffee CascadeUITests" */ = {
			isa = XCConfigurationList;
			buildConfigurations = (
				453167912C3A0D220053D22E /* Debug */,
				453167922C3A0D220053D22E /* Release */,
			);
			defaultConfigurationIsVisible = 0;
			defaultConfigurationName = Release;
		};
/* End XCConfigurationList section */

/* Begin XCRemoteSwiftPackageReference section */
		455D40052C3AAF5E00C03278 /* XCRemoteSwiftPackageReference "Kingfisher" */ = {
			isa = XCRemoteSwiftPackageReference;
			repositoryURL = "https://github.com/onevcat/Kingfisher";
			requirement = {
				kind = upToNextMajorVersion;
				minimumVersion = 7.12.0;
			};
		};
/* End XCRemoteSwiftPackageReference section */

/* Begin XCSwiftPackageProductDependency section */
		455D40062C3AAF5E00C03278 /* Kingfisher */ = {
			isa = XCSwiftPackageProductDependency;
			package = 455D40052C3AAF5E00C03278 /* XCRemoteSwiftPackageReference "Kingfisher" */;
			productName = Kingfisher;
		};
		455D40202C3AE1CC00C03278 /* Kingfisher */ = {
			isa = XCSwiftPackageProductDependency;
			productName = Kingfisher;
		};
		455D40222C3AE1D900C03278 /* Kingfisher */ = {
			isa = XCSwiftPackageProductDependency;
			productName = Kingfisher;
		};
/* End XCSwiftPackageProductDependency section */
	};
	rootObject = 4531675E2C3A0D210053D22E /* Project object */;
}
